
Microsoft Visual Studio Solution File, Format Version 12.00
# Visual Studio Version 17
VisualStudioVersion = 17.0.31903.59
MinimumVisualStudioVersion = 10.0.40219.1
Project("{2150E333-8FDC-42A3-9474-1A3956D46DE8}") = "src", "src", "{827E0CD3-B72D-47B6-A68D-7590B98EB39B}"
EndProject
Project("{FAE04EC0-301F-11D3-BF4B-00C04F79EFBC}") = "UniversityParking.Api", "src\UniversityParking.Api\UniversityParking.Api.csproj", "{951405C0-76B6-44E6-97F4-FD0918C21398}"
EndProject
Project("{FAE04EC0-301F-11D3-BF4B-00C04F79EFBC}") = "UniversityParking.Application", "src\UniversityParking.Application\UniversityParking.Application.csproj", "{A352132D-F027-4EDB-BD2C-516A3208EDEF}"
EndProject
Project("{FAE04EC0-301F-11D3-BF4B-00C04F79EFBC}") = "UniversityParking.Domain", "src\UniversityParking.Domain\UniversityParking.Domain.csproj", "{3D141189-B2E6-4B2A-B168-82117272ECCA}"
EndProject
Project("{FAE04EC0-301F-11D3-BF4B-00C04F79EFBC}") = "UniversityParking.Infrastructure", "src\UniversityParking.Infrastructure\UniversityParking.Infrastructure.csproj", "{643B6FE1-E84E-4453-89B7-3731AECB311D}"
EndProject
Project("{FAE04EC0-301F-11D3-BF4B-00C04F79EFBC}") = "UniversityParking.Contracts", "src\UniversityParking.Contracts\UniversityParking.Contracts.csproj", "{60B36B60-3BB2-4BE6-A964-AC39DEAA419B}"
EndProject
Project("{FAE04EC0-301F-11D3-BF4B-00C04F79EFBC}") = "UniversityParking.Mobile", "src\UniversityParking.Mobile\UniversityParking.Mobile.csproj", "{FF3DE4DA-E589-4E4F-AB9D-A08B53E9304D}"
EndProject
Project("{2150E333-8FDC-42A3-9474-1A3956D46DE8}") = "tests", "tests", "{0AB3BF05-4346-4AA6-1389-037BE0695223}"
EndProject
Project("{FAE04EC0-301F-11D3-BF4B-00C04F79EFBC}") = "UniversityParking.Api.E2E.Tests", "tests\UniversityParking.Api.E2E.Tests\UniversityParking.Api.E2E.Tests.csproj", "{52083DBD-D37A-47B7-821C-21265A91022E}"
EndProject
Project("{FAE04EC0-301F-11D3-BF4B-00C04F79EFBC}") = "UniversityParking.Application.Tests", "tests\UniversityParking.Application.Tests\UniversityParking.Application.Tests.csproj", "{CA9489E7-E81D-4A2D-9332-D27CDDC2E484}"
EndProject
Project("{FAE04EC0-301F-11D3-BF4B-00C04F79EFBC}") = "UniversityParking.Domain.Tests", "tests\UniversityParking.Domain.Tests\UniversityParking.Domain.Tests.csproj", "{DA4D0FBE-DC54-42C9-9185-E5E9CC11D491}"
EndProject
Project("{FAE04EC0-301F-11D3-BF4B-00C04F79EFBC}") = "UniversityParking.Infrastructure.Tests", "tests\UniversityParking.Infrastructure.Tests\UniversityParking.Infrastructure.Tests.csproj", "{0428E04D-8CC1-4A44-81FC-3C8184BA58E2}"
EndProject
Project("{FAE04EC0-301F-11D3-BF4B-00C04F79EFBC}") = "UniversityParking.Mobile.Tests", "tests\UniversityParking.Mobile.Tests\UniversityParking.Mobile.Tests.csproj", "{EC5C7DAD-F3CC-4DE6-A719-2136659243EF}"
EndProject
Global
	GlobalSection(SolutionConfigurationPlatforms) = preSolution
		Debug|Any CPU = Debug|Any CPU
		Debug|x64 = Debug|x64
		Debug|x86 = Debug|x86
		Release|Any CPU = Release|Any CPU
		Release|x64 = Release|x64
		Release|x86 = Release|x86
	EndGlobalSection
	GlobalSection(ProjectConfigurationPlatforms) = postSolution
		{951405C0-76B6-44E6-97F4-FD0918C21398}.Debug|Any CPU.ActiveCfg = Debug|Any CPU
		{951405C0-76B6-44E6-97F4-FD0918C21398}.Debug|Any CPU.Build.0 = Debug|Any CPU
		{951405C0-76B6-44E6-97F4-FD0918C21398}.Debug|x64.ActiveCfg = Debug|Any CPU
		{951405C0-76B6-44E6-97F4-FD0918C21398}.Debug|x64.Build.0 = Debug|Any CPU
		{951405C0-76B6-44E6-97F4-FD0918C21398}.Debug|x86.ActiveCfg = Debug|Any CPU
		{951405C0-76B6-44E6-97F4-FD0918C21398}.Debug|x86.Build.0 = Debug|Any CPU
		{951405C0-76B6-44E6-97F4-FD0918C21398}.Release|Any CPU.ActiveCfg = Release|Any CPU
		{951405C0-76B6-44E6-97F4-FD0918C21398}.Release|Any CPU.Build.0 = Release|Any CPU
		{951405C0-76B6-44E6-97F4-FD0918C21398}.Release|x64.ActiveCfg = Release|Any CPU
		{951405C0-76B6-44E6-97F4-FD0918C21398}.Release|x64.Build.0 = Release|Any CPU
		{951405C0-76B6-44E6-97F4-FD0918C21398}.Release|x86.ActiveCfg = Release|Any CPU
		{951405C0-76B6-44E6-97F4-FD0918C21398}.Release|x86.Build.0 = Release|Any CPU
		{A352132D-F027-4EDB-BD2C-516A3208EDEF}.Debug|Any CPU.ActiveCfg = Debug|Any CPU
		{A352132D-F027-4EDB-BD2C-516A3208EDEF}.Debug|Any CPU.Build.0 = Debug|Any CPU
		{A352132D-F027-4EDB-BD2C-516A3208EDEF}.Debug|x64.ActiveCfg = Debug|Any CPU
		{A352132D-F027-4EDB-BD2C-516A3208EDEF}.Debug|x64.Build.0 = Debug|Any CPU
		{A352132D-F027-4EDB-BD2C-516A3208EDEF}.Debug|x86.ActiveCfg = Debug|Any CPU
		{A352132D-F027-4EDB-BD2C-516A3208EDEF}.Debug|x86.Build.0 = Debug|Any CPU
		{A352132D-F027-4EDB-BD2C-516A3208EDEF}.Release|Any CPU.ActiveCfg = Release|Any CPU
		{A352132D-F027-4EDB-BD2C-516A3208EDEF}.Release|Any CPU.Build.0 = Release|Any CPU
		{A352132D-F027-4EDB-BD2C-516A3208EDEF}.Release|x64.ActiveCfg = Release|Any CPU
		{A352132D-F027-4EDB-BD2C-516A3208EDEF}.Release|x64.Build.0 = Release|Any CPU
		{A352132D-F027-4EDB-BD2C-516A3208EDEF}.Release|x86.ActiveCfg = Release|Any CPU
		{A352132D-F027-4EDB-BD2C-516A3208EDEF}.Release|x86.Build.0 = Release|Any CPU
		{3D141189-B2E6-4B2A-B168-82117272ECCA}.Debug|Any CPU.ActiveCfg = Debug|Any CPU
		{3D141189-B2E6-4B2A-B168-82117272ECCA}.Debug|Any CPU.Build.0 = Debug|Any CPU
		{3D141189-B2E6-4B2A-B168-82117272ECCA}.Debug|x64.ActiveCfg = Debug|Any CPU
		{3D141189-B2E6-4B2A-B168-82117272ECCA}.Debug|x64.Build.0 = Debug|Any CPU
		{3D141189-B2E6-4B2A-B168-82117272ECCA}.Debug|x86.ActiveCfg = Debug|Any CPU
		{3D141189-B2E6-4B2A-B168-82117272ECCA}.Debug|x86.Build.0 = Debug|Any CPU
		{3D141189-B2E6-4B2A-B168-82117272ECCA}.Release|Any CPU.ActiveCfg = Release|Any CPU
		{3D141189-B2E6-4B2A-B168-82117272ECCA}.Release|Any CPU.Build.0 = Release|Any CPU
		{3D141189-B2E6-4B2A-B168-82117272ECCA}.Release|x64.ActiveCfg = Release|Any CPU
		{3D141189-B2E6-4B2A-B168-82117272ECCA}.Release|x64.Build.0 = Release|Any CPU
		{3D141189-B2E6-4B2A-B168-82117272ECCA}.Release|x86.ActiveCfg = Release|Any CPU
		{3D141189-B2E6-4B2A-B168-82117272ECCA}.Release|x86.Build.0 = Release|Any CPU
		{643B6FE1-E84E-4453-89B7-3731AECB311D}.Debug|Any CPU.ActiveCfg = Debug|Any CPU
		{643B6FE1-E84E-4453-89B7-3731AECB311D}.Debug|Any CPU.Build.0 = Debug|Any CPU
		{643B6FE1-E84E-4453-89B7-3731AECB311D}.Debug|x64.ActiveCfg = Debug|Any CPU
		{643B6FE1-E84E-4453-89B7-3731AECB311D}.Debug|x64.Build.0 = Debug|Any CPU
		{643B6FE1-E84E-4453-89B7-3731AECB311D}.Debug|x86.ActiveCfg = Debug|Any CPU
		{643B6FE1-E84E-4453-89B7-3731AECB311D}.Debug|x86.Build.0 = Debug|Any CPU
		{643B6FE1-E84E-4453-89B7-3731AECB311D}.Release|Any CPU.ActiveCfg = Release|Any CPU
		{643B6FE1-E84E-4453-89B7-3731AECB311D}.Release|Any CPU.Build.0 = Release|Any CPU
		{643B6FE1-E84E-4453-89B7-3731AECB311D}.Release|x64.ActiveCfg = Release|Any CPU
		{643B6FE1-E84E-4453-89B7-3731AECB311D}.Release|x64.Build.0 = Release|Any CPU
		{643B6FE1-E84E-4453-89B7-3731AECB311D}.Release|x86.ActiveCfg = Release|Any CPU
		{643B6FE1-E84E-4453-89B7-3731AECB311D}.Release|x86.Build.0 = Release|Any CPU
		{60B36B60-3BB2-4BE6-A964-AC39DEAA419B}.Debug|Any CPU.ActiveCfg = Debug|Any CPU
		{60B36B60-3BB2-4BE6-A964-AC39DEAA419B}.Debug|Any CPU.Build.0 = Debug|Any CPU
		{60B36B60-3BB2-4BE6-A964-AC39DEAA419B}.Debug|x64.ActiveCfg = Debug|Any CPU
		{60B36B60-3BB2-4BE6-A964-AC39DEAA419B}.Debug|x64.Build.0 = Debug|Any CPU
		{60B36B60-3BB2-4BE6-A964-AC39DEAA419B}.Debug|x86.ActiveCfg = Debug|Any CPU
		{60B36B60-3BB2-4BE6-A964-AC39DEAA419B}.Debug|x86.Build.0 = Debug|Any CPU
		{60B36B60-3BB2-4BE6-A964-AC39DEAA419B}.Release|Any CPU.ActiveCfg = Release|Any CPU
		{60B36B60-3BB2-4BE6-A964-AC39DEAA419B}.Release|Any CPU.Build.0 = Release|Any CPU
		{60B36B60-3BB2-4BE6-A964-AC39DEAA419B}.Release|x64.ActiveCfg = Release|Any CPU
		{60B36B60-3BB2-4BE6-A964-AC39DEAA419B}.Release|x64.Build.0 = Release|Any CPU
		{60B36B60-3BB2-4BE6-A964-AC39DEAA419B}.Release|x86.ActiveCfg = Release|Any CPU
		{60B36B60-3BB2-4BE6-A964-AC39DEAA419B}.Release|x86.Build.0 = Release|Any CPU
		{FF3DE4DA-E589-4E4F-AB9D-A08B53E9304D}.Debug|Any CPU.ActiveCfg = Debug|Any CPU
		{FF3DE4DA-E589-4E4F-AB9D-A08B53E9304D}.Debug|Any CPU.Build.0 = Debug|Any CPU
		{FF3DE4DA-E589-4E4F-AB9D-A08B53E9304D}.Debug|x64.ActiveCfg = Debug|Any CPU
		{FF3DE4DA-E589-4E4F-AB9D-A08B53E9304D}.Debug|x64.Build.0 = Debug|Any CPU
		{FF3DE4DA-E589-4E4F-AB9D-A08B53E9304D}.Debug|x86.ActiveCfg = Debug|Any CPU
		{FF3DE4DA-E589-4E4F-AB9D-A08B53E9304D}.Debug|x86.Build.0 = Debug|Any CPU
		{FF3DE4DA-E589-4E4F-AB9D-A08B53E9304D}.Release|Any CPU.ActiveCfg = Release|Any CPU
		{FF3DE4DA-E589-4E4F-AB9D-A08B53E9304D}.Release|Any CPU.Build.0 = Release|Any CPU
		{FF3DE4DA-E589-4E4F-AB9D-A08B53E9304D}.Release|x64.ActiveCfg = Release|Any CPU
		{FF3DE4DA-E589-4E4F-AB9D-A08B53E9304D}.Release|x64.Build.0 = Release|Any CPU
		{FF3DE4DA-E589-4E4F-AB9D-A08B53E9304D}.Release|x86.ActiveCfg = Release|Any CPU
		{FF3DE4DA-E589-4E4F-AB9D-A08B53E9304D}.Release|x86.Build.0 = Release|Any CPU
		{52083DBD-D37A-47B7-821C-21265A91022E}.Debug|Any CPU.ActiveCfg = Debug|Any CPU
		{52083DBD-D37A-47B7-821C-21265A91022E}.Debug|Any CPU.Build.0 = Debug|Any CPU
		{52083DBD-D37A-47B7-821C-21265A91022E}.Debug|x64.ActiveCfg = Debug|Any CPU
		{52083DBD-D37A-47B7-821C-21265A91022E}.Debug|x64.Build.0 = Debug|Any CPU
		{52083DBD-D37A-47B7-821C-21265A91022E}.Debug|x86.ActiveCfg = Debug|Any CPU
		{52083DBD-D37A-47B7-821C-21265A91022E}.Debug|x86.Build.0 = Debug|Any CPU
		{52083DBD-D37A-47B7-821C-21265A91022E}.Release|Any CPU.ActiveCfg = Release|Any CPU
		{52083DBD-D37A-47B7-821C-21265A91022E}.Release|Any CPU.Build.0 = Release|Any CPU
		{52083DBD-D37A-47B7-821C-21265A91022E}.Release|x64.ActiveCfg = Release|Any CPU
		{52083DBD-D37A-47B7-821C-21265A91022E}.Release|x64.Build.0 = Release|Any CPU
		{52083DBD-D37A-47B7-821C-21265A91022E}.Release|x86.ActiveCfg = Release|Any CPU
		{52083DBD-D37A-47B7-821C-21265A91022E}.Release|x86.Build.0 = Release|Any CPU
		{CA9489E7-E81D-4A2D-9332-D27CDDC2E484}.Debug|Any CPU.ActiveCfg = Debug|Any CPU
		{CA9489E7-E81D-4A2D-9332-D27CDDC2E484}.Debug|Any CPU.Build.0 = Debug|Any CPU
		{CA9489E7-E81D-4A2D-9332-D27CDDC2E484}.Debug|x64.ActiveCfg = Debug|Any CPU
		{CA9489E7-E81D-4A2D-9332-D27CDDC2E484}.Debug|x64.Build.0 = Debug|Any CPU
		{CA9489E7-E81D-4A2D-9332-D27CDDC2E484}.Debug|x86.ActiveCfg = Debug|Any CPU
		{CA9489E7-E81D-4A2D-9332-D27CDDC2E484}.Debug|x86.Build.0 = Debug|Any CPU
		{CA9489E7-E81D-4A2D-9332-D27CDDC2E484}.Release|Any CPU.ActiveCfg = Release|Any CPU
		{CA9489E7-E81D-4A2D-9332-D27CDDC2E484}.Release|Any CPU.Build.0 = Release|Any CPU
		{CA9489E7-E81D-4A2D-9332-D27CDDC2E484}.Release|x64.ActiveCfg = Release|Any CPU
		{CA9489E7-E81D-4A2D-9332-D27CDDC2E484}.Release|x64.Build.0 = Release|Any CPU
		{CA9489E7-E81D-4A2D-9332-D27CDDC2E484}.Release|x86.ActiveCfg = Release|Any CPU
		{CA9489E7-E81D-4A2D-9332-D27CDDC2E484}.Release|x86.Build.0 = Release|Any CPU
		{DA4D0FBE-DC54-42C9-9185-E5E9CC11D491}.Debug|Any CPU.ActiveCfg = Debug|Any CPU
		{DA4D0FBE-DC54-42C9-9185-E5E9CC11D491}.Debug|Any CPU.Build.0 = Debug|Any CPU
		{DA4D0FBE-DC54-42C9-9185-E5E9CC11D491}.Debug|x64.ActiveCfg = Debug|Any CPU
		{DA4D0FBE-DC54-42C9-9185-E5E9CC11D491}.Debug|x64.Build.0 = Debug|Any CPU
		{DA4D0FBE-DC54-42C9-9185-E5E9CC11D491}.Debug|x86.ActiveCfg = Debug|Any CPU
		{DA4D0FBE-DC54-42C9-9185-E5E9CC11D491}.Debug|x86.Build.0 = Debug|Any CPU
		{DA4D0FBE-DC54-42C9-9185-E5E9CC11D491}.Release|Any CPU.ActiveCfg = Release|Any CPU
		{DA4D0FBE-DC54-42C9-9185-E5E9CC11D491}.Release|Any CPU.Build.0 = Release|Any CPU
		{DA4D0FBE-DC54-42C9-9185-E5E9CC11D491}.Release|x64.ActiveCfg = Release|Any CPU
		{DA4D0FBE-DC54-42C9-9185-E5E9CC11D491}.Release|x64.Build.0 = Release|Any CPU
		{DA4D0FBE-DC54-42C9-9185-E5E9CC11D491}.Release|x86.ActiveCfg = Release|Any CPU
		{DA4D0FBE-DC54-42C9-9185-E5E9CC11D491}.Release|x86.Build.0 = Release|Any CPU
		{0428E04D-8CC1-4A44-81FC-3C8184BA58E2}.Debug|Any CPU.ActiveCfg = Debug|Any CPU
		{0428E04D-8CC1-4A44-81FC-3C8184BA58E2}.Debug|Any CPU.Build.0 = Debug|Any CPU
		{0428E04D-8CC1-4A44-81FC-3C8184BA58E2}.Debug|x64.ActiveCfg = Debug|Any CPU
		{0428E04D-8CC1-4A44-81FC-3C8184BA58E2}.Debug|x64.Build.0 = Debug|Any CPU
		{0428E04D-8CC1-4A44-81FC-3C8184BA58E2}.Debug|x86.ActiveCfg = Debug|Any CPU
		{0428E04D-8CC1-4A44-81FC-3C8184BA58E2}.Debug|x86.Build.0 = Debug|Any CPU
		{0428E04D-8CC1-4A44-81FC-3C8184BA58E2}.Release|Any CPU.ActiveCfg = Release|Any CPU
		{0428E04D-8CC1-4A44-81FC-3C8184BA58E2}.Release|Any CPU.Build.0 = Release|Any CPU
		{0428E04D-8CC1-4A44-81FC-3C8184BA58E2}.Release|x64.ActiveCfg = Release|Any CPU
		{0428E04D-8CC1-4A44-81FC-3C8184BA58E2}.Release|x64.Build.0 = Release|Any CPU
		{0428E04D-8CC1-4A44-81FC-3C8184BA58E2}.Release|x86.ActiveCfg = Release|Any CPU
		{0428E04D-8CC1-4A44-81FC-3C8184BA58E2}.Release|x86.Build.0 = Release|Any CPU
		{EC5C7DAD-F3CC-4DE6-A719-2136659243EF}.Debug|Any CPU.ActiveCfg = Debug|Any CPU
		{EC5C7DAD-F3CC-4DE6-A719-2136659243EF}.Debug|Any CPU.Build.0 = Debug|Any CPU
		{EC5C7DAD-F3CC-4DE6-A719-2136659243EF}.Debug|x64.ActiveCfg = Debug|Any CPU
		{EC5C7DAD-F3CC-4DE6-A719-2136659243EF}.Debug|x64.Build.0 = Debug|Any CPU
		{EC5C7DAD-F3CC-4DE6-A719-2136659243EF}.Debug|x86.ActiveCfg = Debug|Any CPU
		{EC5C7DAD-F3CC-4DE6-A719-2136659243EF}.Debug|x86.Build.0 = Debug|Any CPU
		{EC5C7DAD-F3CC-4DE6-A719-2136659243EF}.Release|Any CPU.ActiveCfg = Release|Any CPU
		{EC5C7DAD-F3CC-4DE6-A719-2136659243EF}.Release|Any CPU.Build.0 = Release|Any CPU
		{EC5C7DAD-F3CC-4DE6-A719-2136659243EF}.Release|x64.ActiveCfg = Release|Any CPU
		{EC5C7DAD-F3CC-4DE6-A719-2136659243EF}.Release|x64.Build.0 = Release|Any CPU
		{EC5C7DAD-F3CC-4DE6-A719-2136659243EF}.Release|x86.ActiveCfg = Release|Any CPU
		{EC5C7DAD-F3CC-4DE6-A719-2136659243EF}.Release|x86.Build.0 = Release|Any CPU
	EndGlobalSection
	GlobalSection(SolutionProperties) = preSolution
		HideSolutionNode = FALSE
	EndGlobalSection
	GlobalSection(NestedProjects) = preSolution
		{951405C0-76B6-44E6-97F4-FD0918C21398} = {827E0CD3-B72D-47B6-A68D-7590B98EB39B}
		{A352132D-F027-4EDB-BD2C-516A3208EDEF} = {827E0CD3-B72D-47B6-A68D-7590B98EB39B}
		{3D141189-B2E6-4B2A-B168-82117272ECCA} = {827E0CD3-B72D-47B6-A68D-7590B98EB39B}
		{643B6FE1-E84E-4453-89B7-3731AECB311D} = {827E0CD3-B72D-47B6-A68D-7590B98EB39B}
		{60B36B60-3BB2-4BE6-A964-AC39DEAA419B} = {827E0CD3-B72D-47B6-A68D-7590B98EB39B}
		{FF3DE4DA-E589-4E4F-AB9D-A08B53E9304D} = {827E0CD3-B72D-47B6-A68D-7590B98EB39B}
		{52083DBD-D37A-47B7-821C-21265A91022E} = {0AB3BF05-4346-4AA6-1389-037BE0695223}
		{CA9489E7-E81D-4A2D-9332-D27CDDC2E484} = {0AB3BF05-4346-4AA6-1389-037BE0695223}
		{DA4D0FBE-DC54-42C9-9185-E5E9CC11D491} = {0AB3BF05-4346-4AA6-1389-037BE0695223}
		{0428E04D-8CC1-4A44-81FC-3C8184BA58E2} = {0AB3BF05-4346-4AA6-1389-037BE0695223}
		{EC5C7DAD-F3CC-4DE6-A719-2136659243EF} = {0AB3BF05-4346-4AA6-1389-037BE0695223}
	EndGlobalSection
EndGlobal
